
Microsoft Visual Studio Solution File, Format Version 12.00
# Visual Studio 15
VisualStudioVersion = 15.0.28010.2046
MinimumVisualStudioVersion = 10.0.40219.1
Project("{FAE04EC0-301F-11D3-BF4B-00C04F79EFBC}") = "Sitecore.ContactTools", "Sitecore.ContactTools\Sitecore.ContactTools.csproj", "{4FDA3F7A-9C29-49D4-AFB3-A2CBCD13BFD3}"
EndProject
Global
	GlobalSection(SolutionConfigurationPlatforms) = preSolution
		Debug|Any CPU = Debug|Any CPU
		Release|Any CPU = Release|Any CPU
	EndGlobalSection
	GlobalSection(ProjectConfigurationPlatforms) = postSolution
		{4FDA3F7A-9C29-49D4-AFB3-A2CBCD13BFD3}.Debug|Any CPU.ActiveCfg = Debug|Any CPU
		{4FDA3F7A-9C29-49D4-AFB3-A2CBCD13BFD3}.Debug|Any CPU.Build.0 = Debug|Any CPU
		{4FDA3F7A-9C29-49D4-AFB3-A2CBCD13BFD3}.Release|Any CPU.ActiveCfg = Release|Any CPU
		{4FDA3F7A-9C29-49D4-AFB3-A2CBCD13BFD3}.Release|Any CPU.Build.0 = Release|Any CPU
	EndGlobalSection
	GlobalSection(SolutionProperties) = preSolution
		HideSolutionNode = FALSE
	EndGlobalSection
	GlobalSection(ExtensibilityGlobals) = postSolution
		SolutionGuid = {6D7FB078-EB02-4D9B-8956-7C59826DFACE}
	EndGlobalSection
EndGlobal
